dependencies:
- name: mongodb
  repository: oci://registry-1.docker.io/bitnamicharts
  version: 18.1.10
- name: redis
  repository: oci://registry-1.docker.io/bitnamicharts
  version: 24.0.0
digest: sha256:cd69d4fbfe0b5d34b816097f4b64c27add77e1be48c1150281e2cb359433d57d
generated: "2026-09-19T02:10:53.307105907-07:00"
